// !$*UTF8*$!
{
	archiveVersion = 1;
	classes = {
	};
	objectVersion = 54;
	objects = {

/* Begin PBXBuildFile section */
		0C80B921A6F3F58F76C31292 /* libPods-Socialmedia.a in Frameworks */ = {isa = PBXBuildFile; fileRef = 5DCACB8F33CDC322A6C60F78 /* libPods-Socialmedia.a */; };
		13B07FBF1A68108700A75B9A /* Images.xcassets in Resources */ = {isa = PBXBuildFile; fileRef = 13B07FB51A68108700A75B9A /* Images.xcassets */; };
		761780ED2CA45674006654EE /* AppDelegate.swift in Sources */ = {isa = PBXBuildFile; fileRef = 761780EC2CA45674006654EE /* AppDelegate.swift */; };
		81AB9BB82411601600AC10FF /* LaunchScreen.storyboard in Resources */ = {isa = PBXBuildFile; fileRef = 81AB9BB72411601600AC10FF /* LaunchScreen.storyboard */; };
		CCC36FE115FF46DCA272AFF5 /* Inter-Black.otf in Resources */ = {isa = PBXBuildFile; fileRef = 2D70D15AFDEA42FBA3426C89 /* Inter-Black.otf */; };
		FF41C14B49824F9DBFE0C0BE /* Inter-BlackItalic.otf in Resources */ = {isa = PBXBuildFile; fileRef = FE79AB92F1BA464390119A1F /* Inter-BlackItalic.otf */; };
		BB71FB07FA8445938487BAAA /* Inter-Bold.otf in Resources */ = {isa = PBXBuildFile; fileRef = 95DD3E90E0AD4AA9A3240D47 /* Inter-Bold.otf */; };
		852F062C46B74362A08B56E8 /* Inter-BoldItalic.otf in Resources */ = {isa = PBXBuildFile; fileRef = 703B3E3E0C5D4D80A2E22C6F /* Inter-BoldItalic.otf */; };
		6506EC21D7C44454B1F14881 /* Inter-ExtraBold.otf in Resources */ = {isa = PBXBuildFile; fileRef = 55BB3F4C0DFC4C9C839CE072 /* Inter-ExtraBold.otf */; };
		A6A5826BF7F74E6EAC407B64 /* Inter-ExtraBoldItalic.otf in Resources */ = {isa = PBXBuildFile; fileRef = C557E0964CDC4BFDAF4DB780 /* Inter-ExtraBoldItalic.otf */; };
		4C625FFCC469489A8C5597CF /* Inter-ExtraLight.otf in Resources */ = {isa = PBXBuildFile; fileRef = 3DB85D7DC5DE46C6B36BAF3A /* Inter-ExtraLight.otf */; };
		83E1089B826E46558952B40F /* Inter-ExtraLightItalic.otf in Resources */ = {isa = PBXBuildFile; fileRef = 3C6C551045E7413FBF2552C6 /* Inter-ExtraLightItalic.otf */; };
		1FCD8A9EF6664F138BB43F0C /* Inter-Italic.otf in Resources */ = {isa = PBXBuildFile; fileRef = 517FFBE7E08B4F34BFC8505D /* Inter-Italic.otf */; };
		F55ABC95720B4272B30FA812 /* Inter-Light.otf in Resources */ = {isa = PBXBuildFile; fileRef = 2AFC71FF6FE04B478B5769FD /* Inter-Light.otf */; };
		562AB1E25B2F40B8906BDCDA /* Inter-LightItalic.otf in Resources */ = {isa = PBXBuildFile; fileRef = DA4A99C496A74E18BBF819D4 /* Inter-LightItalic.otf */; };
		DFD4445C69C84CC0BBA1E077 /* Inter-Medium.otf in Resources */ = {isa = PBXBuildFile; fileRef = 55E0AACF43AD4D86BF282C1C /* Inter-Medium.otf */; };
		CD01EDED01044CA68E1E15E1 /* Inter-MediumItalic.otf in Resources */ = {isa = PBXBuildFile; fileRef = 4A6480206B304BE0A3541C9F /* Inter-MediumItalic.otf */; };
		E892BB2D7BAA4F6DAA057221 /* Inter-Regular.otf in Resources */ = {isa = PBXBuildFile; fileRef = 6D9C2A8B876F488995392610 /* Inter-Regular.otf */; };
		6AAAADA5D69C40CE9BE5417D /* Inter-SemiBold.otf in Resources */ = {isa = PBXBuildFile; fileRef = 80642992EF694330927F0EEC /* Inter-SemiBold.otf */; };
		0C1E781E072C4E968E2F670A /* Inter-SemiBoldItalic.otf in Resources */ = {isa = PBXBuildFile; fileRef = 61B444680FE64040AACC1367 /* Inter-SemiBoldItalic.otf */; };
		71A936D695ED4AC493583685 /* Inter-Thin.otf in Resources */ = {isa = PBXBuildFile; fileRef = C47373ABB1D04356B558098B /* Inter-Thin.otf */; };
		F7E9AD0971154291BAD666B5 /* Inter-ThinItalic.otf in Resources */ = {isa = PBXBuildFile; fileRef = EDB2679BFA7F4EC688449BA8 /* Inter-ThinItalic.otf */; };
		F210BE51D9DE42079FFADE47 /* Inter-V.ttf in Resources */ = {isa = PBXBuildFile; fileRef = 548F448942274A06BF6D3191 /* Inter-V.ttf */; };
		286A7579E4A54F50B4A8720A /* helper.js in Resources */ = {isa = PBXBuildFile; fileRef = F4E463CCB48A4C78B557D453 /* helper.js */; };
/* End PBXBuildFile section */

/* Begin PBXContainerItemProxy section */
		00E356F41AD99517003FC87E /* PBXContainerItemProxy */ = {
			isa = PBXContainerItemProxy;
			containerPortal = 83CBB9F71A601CBA00E9B192 /* Project object */;
			proxyType = 1;
			remoteGlobalIDString = 13B07F861A680F5B00A75B9A;
			remoteInfo = Socialmedia;
		};
/* End PBXContainerItemProxy section */

/* Begin PBXFileReference section */
		00E356F11AD99517003FC87E /* Info.plist */ = {isa = PBXFileReference; lastKnownFileType = text.plist.xml; path = Info.plist; sourceTree = "<group>"; };
		13B07F961A680F5B00A75B9A /* Socialmedia.app */ = {isa = PBXFileReference; explicitFileType = wrapper.application; includeInIndex = 0; path = Socialmedia.app; sourceTree = BUILT_PRODUCTS_DIR; };
		13B07FB51A68108700A75B9A /* Images.xcassets */ = {isa = PBXFileReference; lastKnownFileType = folder.assetcatalog; name = Images.xcassets; path = Socialmedia/Images.xcassets; sourceTree = "<group>"; };
		13B07FB61A68108700A75B9A /* Info.plist */ = {isa = PBXFileReference; fileEncoding = 4; lastKnownFileType = text.plist.xml; name = Info.plist; path = Socialmedia/Info.plist; sourceTree = "<group>"; };
		13B07FB81A68108700A75B9A /* PrivacyInfo.xcprivacy */ = {isa = PBXFileReference; fileEncoding = 4; lastKnownFileType = text.plist.xml; name = PrivacyInfo.xcprivacy; path = Socialmedia/PrivacyInfo.xcprivacy; sourceTree = "<group>"; };
		3B4392A12AC88292D35C810B /* Pods-Socialmedia.debug.xcconfig */ = {isa = PBXFileReference; includeInIndex = 1; lastKnownFileType = text.xcconfig; name = "Pods-Socialmedia.debug.xcconfig"; path = "Target Support Files/Pods-Socialmedia/Pods-Socialmedia.debug.xcconfig"; sourceTree = "<group>"; };
		5709B34CF0A7D63546082F79 /* Pods-Socialmedia.release.xcconfig */ = {isa = PBXFileReference; includeInIndex = 1; lastKnownFileType = text.xcconfig; name = "Pods-Socialmedia.release.xcconfig"; path = "Target Support Files/Pods-Socialmedia/Pods-Socialmedia.release.xcconfig"; sourceTree = "<group>"; };
		5DCACB8F33CDC322A6C60F78 /* libPods-Socialmedia.a */ = {isa = PBXFileReference; explicitFileType = archive.ar; includeInIndex = 0; path = "libPods-Socialmedia.a"; sourceTree = BUILT_PRODUCTS_DIR; };
		761780EC2CA45674006654EE /* AppDelegate.swift */ = {isa = PBXFileReference; lastKnownFileType = sourcecode.swift; name = AppDelegate.swift; path = Socialmedia/AppDelegate.swift; sourceTree = "<group>"; };
		81AB9BB72411601600AC10FF /* LaunchScreen.storyboard */ = {isa = PBXFileReference; fileEncoding = 4; lastKnownFileType = file.storyboard; name = LaunchScreen.storyboard; path = Socialmedia/LaunchScreen.storyboard; sourceTree = "<group>"; };
		ED297162215061F000B7C4FE /* JavaScriptCore.framework */ = {isa = PBXFileReference; lastKnownFileType = wrapper.framework; name = JavaScriptCore.framework; path = System/Library/Frameworks/JavaScriptCore.framework; sourceTree = SDKROOT; };
		2D70D15AFDEA42FBA3426C89 /* Inter-Black.otf */ = {isa = PBXFileReference; name = "Inter-Black.otf"; path = "../assets/fonts/Inter-Black.otf"; sourceTree = "<group>"; fileEncoding = undefined; lastKnownFileType = unknown; explicitFileType = undefined; includeInIndex = 0; };
		FE79AB92F1BA464390119A1F /* Inter-BlackItalic.otf */ = {isa = PBXFileReference; name = "Inter-BlackItalic.otf"; path = "../assets/fonts/Inter-BlackItalic.otf"; sourceTree = "<group>"; fileEncoding = undefined; lastKnownFileType = unknown; explicitFileType = undefined; includeInIndex = 0; };
		95DD3E90E0AD4AA9A3240D47 /* Inter-Bold.otf */ = {isa = PBXFileReference; name = "Inter-Bold.otf"; path = "../assets/fonts/Inter-Bold.otf"; sourceTree = "<group>"; fileEncoding = undefined; lastKnownFileType = unknown; explicitFileType = undefined; includeInIndex = 0; };
		703B3E3E0C5D4D80A2E22C6F /* Inter-BoldItalic.otf */ = {isa = PBXFileReference; name = "Inter-BoldItalic.otf"; path = "../assets/fonts/Inter-BoldItalic.otf"; sourceTree = "<group>"; fileEncoding = undefined; lastKnownFileType = unknown; explicitFileType = undefined; includeInIndex = 0; };
		55BB3F4C0DFC4C9C839CE072 /* Inter-ExtraBold.otf */ = {isa = PBXFileReference; name = "Inter-ExtraBold.otf"; path = "../assets/fonts/Inter-ExtraBold.otf"; sourceTree = "<group>"; fileEncoding = undefined; lastKnownFileType = unknown; explicitFileType = undefined; includeInIndex = 0; };
		C557E0964CDC4BFDAF4DB780 /* Inter-ExtraBoldItalic.otf */ = {isa = PBXFileReference; name = "Inter-ExtraBoldItalic.otf"; path = "../assets/fonts/Inter-ExtraBoldItalic.otf"; sourceTree = "<group>"; fileEncoding = undefined; lastKnownFileType = unknown; explicitFileType = undefined; includeInIndex = 0; };
		3DB85D7DC5DE46C6B36BAF3A /* Inter-ExtraLight.otf */ = {isa = PBXFileReference; name = "Inter-ExtraLight.otf"; path = "../assets/fonts/Inter-ExtraLight.otf"; sourceTree = "<group>"; fileEncoding = undefined; lastKnownFileType = unknown; explicitFileType = undefined; includeInIndex = 0; };
		3C6C551045E7413FBF2552C6 /* Inter-ExtraLightItalic.otf */ = {isa = PBXFileReference; name = "Inter-ExtraLightItalic.otf"; path = "../assets/fonts/Inter-ExtraLightItalic.otf"; sourceTree = "<group>"; fileEncoding = undefined; lastKnownFileType = unknown; explicitFileType = undefined; includeInIndex = 0; };
		517FFBE7E08B4F34BFC8505D /* Inter-Italic.otf */ = {isa = PBXFileReference; name = "Inter-Italic.otf"; path = "../assets/fonts/Inter-Italic.otf"; sourceTree = "<group>"; fileEncoding = undefined; lastKnownFileType = unknown; explicitFileType = undefined; includeInIndex = 0; };
		2AFC71FF6FE04B478B5769FD /* Inter-Light.otf */ = {isa = PBXFileReference; name = "Inter-Light.otf"; path = "../assets/fonts/Inter-Light.otf"; sourceTree = "<group>"; fileEncoding = undefined; lastKnownFileType = unknown; explicitFileType = undefined; includeInIndex = 0; };
		DA4A99C496A74E18BBF819D4 /* Inter-LightItalic.otf */ = {isa = PBXFileReference; name = "Inter-LightItalic.otf"; path = "../assets/fonts/Inter-LightItalic.otf"; sourceTree = "<group>"; fileEncoding = undefined; lastKnownFileType = unknown; explicitFileType = undefined; includeInIndex = 0; };
		55E0AACF43AD4D86BF282C1C /* Inter-Medium.otf */ = {isa = PBXFileReference; name = "Inter-Medium.otf"; path = "../assets/fonts/Inter-Medium.otf"; sourceTree = "<group>"; fileEncoding = undefined; lastKnownFileType = unknown; explicitFileType = undefined; includeInIndex = 0; };
		4A6480206B304BE0A3541C9F /* Inter-MediumItalic.otf */ = {isa = PBXFileReference; name = "Inter-MediumItalic.otf"; path = "../assets/fonts/Inter-MediumItalic.otf"; sourceTree = "<group>"; fileEncoding = undefined; lastKnownFileType = unknown; explicitFileType = undefined; includeInIndex = 0; };
		6D9C2A8B876F488995392610 /* Inter-Regular.otf */ = {isa = PBXFileReference; name = "Inter-Regular.otf"; path = "../assets/fonts/Inter-Regular.otf"; sourceTree = "<group>"; fileEncoding = undefined; lastKnownFileType = unknown; explicitFileType = undefined; includeInIndex = 0; };
		80642992EF694330927F0EEC /* Inter-SemiBold.otf */ = {isa = PBXFileReference; name = "Inter-SemiBold.otf"; path = "../assets/fonts/Inter-SemiBold.otf"; sourceTree = "<group>"; fileEncoding = undefined; lastKnownFileType = unknown; explicitFileType = undefined; includeInIndex = 0; };
		61B444680FE64040AACC1367 /* Inter-SemiBoldItalic.otf */ = {isa = PBXFileReference; name = "Inter-SemiBoldItalic.otf"; path = "../assets/fonts/Inter-SemiBoldItalic.otf"; sourceTree = "<group>"; fileEncoding = undefined; lastKnownFileType = unknown; explicitFileType = undefined; includeInIndex = 0; };
		C47373ABB1D04356B558098B /* Inter-Thin.otf */ = {isa = PBXFileReference; name = "Inter-Thin.otf"; path = "../assets/fonts/Inter-Thin.otf"; sourceTree = "<group>"; fileEncoding = undefined; lastKnownFileType = unknown; explicitFileType = undefined; includeInIndex = 0; };
		EDB2679BFA7F4EC688449BA8 /* Inter-ThinItalic.otf */ = {isa = PBXFileReference; name = "Inter-ThinItalic.otf"; path = "../assets/fonts/Inter-ThinItalic.otf"; sourceTree = "<group>"; fileEncoding = undefined; lastKnownFileType = unknown; explicitFileType = undefined; includeInIndex = 0; };
		548F448942274A06BF6D3191 /* Inter-V.ttf */ = {isa = PBXFileReference; name = "Inter-V.ttf"; path = "../assets/fonts/Inter-V.ttf"; sourceTree = "<group>"; fileEncoding = undefined; lastKnownFileType = unknown; explicitFileType = undefined; includeInIndex = 0; };
		F4E463CCB48A4C78B557D453 /* helper.js */ = {isa = PBXFileReference; name = "helper.js"; path = "../assets/fonts/helper.js"; sourceTree = "<group>"; fileEncoding = undefined; lastKnownFileType = unknown; explicitFileType = undefined; includeInIndex = 0; };
/* End PBXFileReference section */

/* Begin PBXFrameworksBuildPhase section */
		13B07F8C1A680F5B00A75B9A /* Frameworks */ = {
			isa = PBXFrameworksBuildPhase;
			buildActionMask = 2147483647;
			files = (
				0C80B921A6F3F58F76C31292 /* libPods-Socialmedia.a in Frameworks */,
			);
			runOnlyForDeploymentPostprocessing = 0;
		};
/* End PBXFrameworksBuildPhase section */

/* Begin PBXGroup section */
		00E356F01AD99517003FC87E /* Supporting Files */ = {
			isa = PBXGroup;
			children = (
				00E356F11AD99517003FC87E /* Info.plist */,
			);
			name = "Supporting Files";
			sourceTree = "<group>";
		};
		13B07FAE1A68108700A75B9A /* Socialmedia */ = {
			isa = PBXGroup;
			children = (
				13B07FB51A68108700A75B9A /* Images.xcassets */,
				761780EC2CA45674006654EE /* AppDelegate.swift */,
				13B07FB61A68108700A75B9A /* Info.plist */,
				81AB9BB72411601600AC10FF /* LaunchScreen.storyboard */,
				13B07FB81A68108700A75B9A /* PrivacyInfo.xcprivacy */,
			);
			name = Socialmedia;
			sourceTree = "<group>";
		};
		2D16E6871FA4F8E400B85C8A /* Frameworks */ = {
			isa = PBXGroup;
			children = (
				ED297162215061F000B7C4FE /* JavaScriptCore.framework */,
				5DCACB8F33CDC322A6C60F78 /* libPods-Socialmedia.a */,
			);
			name = Frameworks;
			sourceTree = "<group>";
		};
		832341AE1AAA6A7D00B99B32 /* Libraries */ = {
			isa = PBXGroup;
			children = (
			);
			name = Libraries;
			sourceTree = "<group>";
		};
		83CBB9F61A601CBA00E9B192 = {
			isa = PBXGroup;
			children = (
				13B07FAE1A68108700A75B9A /* Socialmedia */,
				832341AE1AAA6A7D00B99B32 /* Libraries */,
				83CBBA001A601CBA00E9B192 /* Products */,
				2D16E6871FA4F8E400B85C8A /* Frameworks */,
				BBD78D7AC51CEA395F1C20DB /* Pods */,
				D89AA64478144A539E1BD7F2 /* Resources */,
			);
			indentWidth = 2;
			sourceTree = "<group>";
			tabWidth = 2;
			usesTabs = 0;
		};
		83CBBA001A601CBA00E9B192 /* Products */ = {
			isa = PBXGroup;
			children = (
				13B07F961A680F5B00A75B9A /* Socialmedia.app */,
			);
			name = Products;
			sourceTree = "<group>";
		};
		BBD78D7AC51CEA395F1C20DB /* Pods */ = {
			isa = PBXGroup;
			children = (
				3B4392A12AC88292D35C810B /* Pods-Socialmedia.debug.xcconfig */,
				5709B34CF0A7D63546082F79 /* Pods-Socialmedia.release.xcconfig */,
			);
			path = Pods;
			sourceTree = "<group>";
		};
		D89AA64478144A539E1BD7F2 /* Resources */ = {
			isa = "PBXGroup";
			children = (
				2D70D15AFDEA42FBA3426C89 /* Inter-Black.otf */,
				FE79AB92F1BA464390119A1F /* Inter-BlackItalic.otf */,
				95DD3E90E0AD4AA9A3240D47 /* Inter-Bold.otf */,
				703B3E3E0C5D4D80A2E22C6F /* Inter-BoldItalic.otf */,
				55BB3F4C0DFC4C9C839CE072 /* Inter-ExtraBold.otf */,
				C557E0964CDC4BFDAF4DB780 /* Inter-ExtraBoldItalic.otf */,
				3DB85D7DC5DE46C6B36BAF3A /* Inter-ExtraLight.otf */,
				3C6C551045E7413FBF2552C6 /* Inter-ExtraLightItalic.otf */,
				517FFBE7E08B4F34BFC8505D /* Inter-Italic.otf */,
				2AFC71FF6FE04B478B5769FD /* Inter-Light.otf */,
				DA4A99C496A74E18BBF819D4 /* Inter-LightItalic.otf */,
				55E0AACF43AD4D86BF282C1C /* Inter-Medium.otf */,
				4A6480206B304BE0A3541C9F /* Inter-MediumItalic.otf */,
				6D9C2A8B876F488995392610 /* Inter-Regular.otf */,
				80642992EF694330927F0EEC /* Inter-SemiBold.otf */,
				61B444680FE64040AACC1367 /* Inter-SemiBoldItalic.otf */,
				C47373ABB1D04356B558098B /* Inter-Thin.otf */,
				EDB2679BFA7F4EC688449BA8 /* Inter-ThinItalic.otf */,
				548F448942274A06BF6D3191 /* Inter-V.ttf */,
				F4E463CCB48A4C78B557D453 /* helper.js */,
			);
			name = Resources;
			sourceTree = "<group>";
			path = "";
		};
/* End PBXGroup section */

/* Begin PBXNativeTarget section */
		13B07F861A680F5B00A75B9A /* Socialmedia */ = {
			isa = PBXNativeTarget;
			buildConfigurationList = 13B07F931A680F5B00A75B9A /* Build configuration list for PBXNativeTarget "Socialmedia" */;
			buildPhases = (
				C38B50BA6285516D6DCD4F65 /* [CP] Check Pods Manifest.lock */,
				13B07F871A680F5B00A75B9A /* Sources */,
				13B07F8C1A680F5B00A75B9A /* Frameworks */,
				13B07F8E1A680F5B00A75B9A /* Resources */,
				00DD1BFF1BD5951E006B06BC /* Bundle React Native code and images */,
				00EEFC60759A1932668264C0 /* [CP] Embed Pods Frameworks */,
				E235C05ADACE081382539298 /* [CP] Copy Pods Resources */,
			);
			buildRules = (
			);
			dependencies = (
			);
			name = Socialmedia;
			productName = Socialmedia;
			productReference = 13B07F961A680F5B00A75B9A /* Socialmedia.app */;
			productType = "com.apple.product-type.application";
		};
/* End PBXNativeTarget section */

/* Begin PBXProject section */
		83CBB9F71A601CBA00E9B192 /* Project object */ = {
			isa = PBXProject;
			attributes = {
				LastUpgradeCheck = 1210;
				TargetAttributes = {
					13B07F861A680F5B00A75B9A = {
						LastSwiftMigration = 1120;
					};
				};
			};
			buildConfigurationList = 83CBB9FA1A601CBA00E9B192 /* Build configuration list for PBXProject "Socialmedia" */;
			compatibilityVersion = "Xcode 12.0";
			developmentRegion = en;
			hasScannedForEncodings = 0;
			knownRegions = (
				en,
				Base,
			);
			mainGroup = 83CBB9F61A601CBA00E9B192;
			productRefGroup = 83CBBA001A601CBA00E9B192 /* Products */;
			projectDirPath = "";
			projectRoot = "";
			targets = (
				13B07F861A680F5B00A75B9A /* Socialmedia */,
			);
		};
/* End PBXProject section */

/* Begin PBXResourcesBuildPhase section */
		00E356EC1AD99517003FC87E /* Resources */ = {
			isa = PBXResourcesBuildPhase;
			buildActionMask = 2147483647;
			files = (
			);
			runOnlyForDeploymentPostprocessing = 0;
		};
		13B07F8E1A680F5B00A75B9A /* Resources */ = {
			isa = PBXResourcesBuildPhase;
			buildActionMask = 2147483647;
			files = (
				81AB9BB82411601600AC10FF /* LaunchScreen.storyboard in Resources */,
				13B07FBF1A68108700A75B9A /* Images.xcassets in Resources */,
				CCC36FE115FF46DCA272AFF5 /* Inter-Black.otf in Resources */,
				FF41C14B49824F9DBFE0C0BE /* Inter-BlackItalic.otf in Resources */,
				BB71FB07FA8445938487BAAA /* Inter-Bold.otf in Resources */,
				852F062C46B74362A08B56E8 /* Inter-BoldItalic.otf in Resources */,
				6506EC21D7C44454B1F14881 /* Inter-ExtraBold.otf in Resources */,
				A6A5826BF7F74E6EAC407B64 /* Inter-ExtraBoldItalic.otf in Resources */,
				4C625FFCC469489A8C5597CF /* Inter-ExtraLight.otf in Resources */,
				83E1089B826E46558952B40F /* Inter-ExtraLightItalic.otf in Resources */,
				1FCD8A9EF6664F138BB43F0C /* Inter-Italic.otf in Resources */,
				F55ABC95720B4272B30FA812 /* Inter-Light.otf in Resources */,
				562AB1E25B2F40B8906BDCDA /* Inter-LightItalic.otf in Resources */,
				DFD4445C69C84CC0BBA1E077 /* Inter-Medium.otf in Resources */,
				CD01EDED01044CA68E1E15E1 /* Inter-MediumItalic.otf in Resources */,
				E892BB2D7BAA4F6DAA057221 /* Inter-Regular.otf in Resources */,
				6AAAADA5D69C40CE9BE5417D /* Inter-SemiBold.otf in Resources */,
				0C1E781E072C4E968E2F670A /* Inter-SemiBoldItalic.otf in Resources */,
				71A936D695ED4AC493583685 /* Inter-Thin.otf in Resources */,
				F7E9AD0971154291BAD666B5 /* Inter-ThinItalic.otf in Resources */,
				F210BE51D9DE42079FFADE47 /* Inter-V.ttf in Resources */,
				286A7579E4A54F50B4A8720A /* helper.js in Resources */,
			);
			runOnlyForDeploymentPostprocessing = 0;
		};
/* End PBXResourcesBuildPhase section */

/* Begin PBXShellScriptBuildPhase section */
		00DD1BFF1BD5951E006B06BC /* Bundle React Native code and images */ = {
			isa = PBXShellScriptBuildPhase;
			buildActionMask = 2147483647;
			files = (
			);
			inputPaths = (
				"$(SRCROOT)/.xcode.env.local",
				"$(SRCROOT)/.xcode.env",
			);
			name = "Bundle React Native code and images";
			outputPaths = (
			);
			runOnlyForDeploymentPostprocessing = 0;
			shellPath = /bin/sh;
			shellScript = "set -e\n\nWITH_ENVIRONMENT=\"$REACT_NATIVE_PATH/scripts/xcode/with-environment.sh\"\nREACT_NATIVE_XCODE=\"$REACT_NATIVE_PATH/scripts/react-native-xcode.sh\"\n\n/bin/sh -c \"$WITH_ENVIRONMENT $REACT_NATIVE_XCODE\"\n";
		};
		00EEFC60759A1932668264C0 /* [CP] Embed Pods Frameworks */ = {
			isa = PBXShellScriptBuildPhase;
			buildActionMask = 2147483647;
			files = (
			);
			inputFileListPaths = (
				"${PODS_ROOT}/Target Support Files/Pods-Socialmedia/Pods-Socialmedia-frameworks-${CONFIGURATION}-input-files.xcfilelist",
			);
			name = "[CP] Embed Pods Frameworks";
			outputFileListPaths = (
				"${PODS_ROOT}/Target Support Files/Pods-Socialmedia/Pods-Socialmedia-frameworks-${CONFIGURATION}-output-files.xcfilelist",
			);
			runOnlyForDeploymentPostprocessing = 0;
			shellPath = /bin/sh;
			shellScript = "\"${PODS_ROOT}/Target Support Files/Pods-Socialmedia/Pods-Socialmedia-frameworks.sh\"\n";
			showEnvVarsInLog = 0;
		};
		C38B50BA6285516D6DCD4F65 /* [CP] Check Pods Manifest.lock */ = {
			isa = PBXShellScriptBuildPhase;
			buildActionMask = 2147483647;
			files = (
			);
			inputFileListPaths = (
			);
			inputPaths = (
				"${PODS_PODFILE_DIR_PATH}/Podfile.lock",
				"${PODS_ROOT}/Manifest.lock",
			);
			name = "[CP] Check Pods Manifest.lock";
			outputFileListPaths = (
			);
			outputPaths = (
				"$(DERIVED_FILE_DIR)/Pods-Socialmedia-checkManifestLockResult.txt",
			);
			runOnlyForDeploymentPostprocessing = 0;
			shellPath = /bin/sh;
			shellScript = "diff \"${PODS_PODFILE_DIR_PATH}/Podfile.lock\" \"${PODS_ROOT}/Manifest.lock\" > /dev/null\nif [ $? != 0 ] ; then\n    # print error to STDERR\n    echo \"error: The sandbox is not in sync with the Podfile.lock. Run 'pod install' or update your CocoaPods installation.\" >&2\n    exit 1\nfi\n# This output is used by Xcode 'outputs' to avoid re-running this script phase.\necho \"SUCCESS\" > \"${SCRIPT_OUTPUT_FILE_0}\"\n";
			showEnvVarsInLog = 0;
		};
		E235C05ADACE081382539298 /* [CP] Copy Pods Resources */ = {
			isa = PBXShellScriptBuildPhase;
			buildActionMask = 2147483647;
			files = (
			);
			inputFileListPaths = (
				"${PODS_ROOT}/Target Support Files/Pods-Socialmedia/Pods-Socialmedia-resources-${CONFIGURATION}-input-files.xcfilelist",
			);
			name = "[CP] Copy Pods Resources";
			outputFileListPaths = (
				"${PODS_ROOT}/Target Support Files/Pods-Socialmedia/Pods-Socialmedia-resources-${CONFIGURATION}-output-files.xcfilelist",
			);
			runOnlyForDeploymentPostprocessing = 0;
			shellPath = /bin/sh;
			shellScript = "\"${PODS_ROOT}/Target Support Files/Pods-Socialmedia/Pods-Socialmedia-resources.sh\"\n";
			showEnvVarsInLog = 0;
		};
/* End PBXShellScriptBuildPhase section */

/* Begin PBXSourcesBuildPhase section */
		13B07F871A680F5B00A75B9A /* Sources */ = {
			isa = PBXSourcesBuildPhase;
			buildActionMask = 2147483647;
			files = (
				761780ED2CA45674006654EE /* AppDelegate.swift in Sources */,
			);
			runOnlyForDeploymentPostprocessing = 0;
		};
/* End PBXSourcesBuildPhase section */

/* Begin PBXTargetDependency section */
		00E356F51AD99517003FC87E /* PBXTargetDependency */ = {
			isa = PBXTargetDependency;
			target = 13B07F861A680F5B00A75B9A /* Socialmedia */;
			targetProxy = 00E356F41AD99517003FC87E /* PBXContainerItemProxy */;
		};
/* End PBXTargetDependency section */

/* Begin XCBuildConfiguration section */
		13B07F941A680F5B00A75B9A /* Debug */ = {
			isa = XCBuildConfiguration;
			baseConfigurationReference = 3B4392A12AC88292D35C810B /* Pods-Socialmedia.debug.xcconfig */;
			buildSettings = {
				ASSETCATALOG_COMPILER_APPICON_NAME = AppIcon;
				CLANG_ENABLE_MODULES = YES;
				CURRENT_PROJECT_VERSION = 1;
				ENABLE_BITCODE = NO;
				INFOPLIST_FILE = Socialmedia/Info.plist;
				IPHONEOS_DEPLOYMENT_TARGET = 15.1;
				LD_RUNPATH_SEARCH_PATHS = (
					"$(inherited)",
					"@executable_path/Frameworks",
				);
				MARKETING_VERSION = 1.0;
				OTHER_LDFLAGS = (
					"$(inherited)",
					"-ObjC",
					"-lc++",
				);
				PRODUCT_BUNDLE_IDENTIFIER = "org.reactjs.native.example.$(PRODUCT_NAME:rfc1034identifier)";
				PRODUCT_NAME = Socialmedia;
				SWIFT_OPTIMIZATION_LEVEL = "-Onone";
				SWIFT_VERSION = 5.0;
				VERSIONING_SYSTEM = "apple-generic";
			};
			name = Debug;
		};
		13B07F951A680F5B00A75B9A /* Release */ = {
			isa = XCBuildConfiguration;
			baseConfigurationReference = 5709B34CF0A7D63546082F79 /* Pods-Socialmedia.release.xcconfig */;
			buildSettings = {
				ASSETCATALOG_COMPILER_APPICON_NAME = AppIcon;
				CLANG_ENABLE_MODULES = YES;
				CURRENT_PROJECT_VERSION = 1;
				INFOPLIST_FILE = Socialmedia/Info.plist;
				IPHONEOS_DEPLOYMENT_TARGET = 15.1;
				LD_RUNPATH_SEARCH_PATHS = (
					"$(inherited)",
					"@executable_path/Frameworks",
				);
				MARKETING_VERSION = 1.0;
				OTHER_LDFLAGS = (
					"$(inherited)",
					"-ObjC",
					"-lc++",
				);
				PRODUCT_BUNDLE_IDENTIFIER = "org.reactjs.native.example.$(PRODUCT_NAME:rfc1034identifier)";
				PRODUCT_NAME = Socialmedia;
				SWIFT_VERSION = 5.0;
				VERSIONING_SYSTEM = "apple-generic";
			};
			name = Release;
		};
		83CBBA201A601CBA00E9B192 /* Debug */ = {
			isa = XCBuildConfiguration;
			buildSettings = {
				ALWAYS_SEARCH_USER_PATHS = NO;
				CLANG_ANALYZER_LOCALIZABILITY_NONLOCALIZED = YES;
				CLANG_CXX_LANGUAGE_STANDARD = "c++20";
				CLANG_CXX_LIBRARY = "libc++";
				CLANG_ENABLE_MODULES = YES;
				CLANG_ENABLE_OBJC_ARC = YES;
				CLANG_WARN_BLOCK_CAPTURE_AUTORELEASING = YES;
				CLANG_WARN_BOOL_CONVERSION = YES;
				CLANG_WARN_COMMA = YES;
				CLANG_WARN_CONSTANT_CONVERSION = YES;
				CLANG_WARN_DEPRECATED_OBJC_IMPLEMENTATIONS = YES;
				CLANG_WARN_DIRECT_OBJC_ISA_USAGE = YES_ERROR;
				CLANG_WARN_EMPTY_BODY = YES;
				CLANG_WARN_ENUM_CONVERSION = YES;
				CLANG_WARN_INFINITE_RECURSION = YES;
				CLANG_WARN_INT_CONVERSION = YES;
				CLANG_WARN_NON_LITERAL_NULL_CONVERSION = YES;
				CLANG_WARN_OBJC_IMPLICIT_RETAIN_SELF = YES;
				CLANG_WARN_OBJC_LITERAL_CONVERSION = YES;
				CLANG_WARN_OBJC_ROOT_CLASS = YES_ERROR;
				CLANG_WARN_QUOTED_INCLUDE_IN_FRAMEWORK_HEADER = YES;
				CLANG_WARN_RANGE_LOOP_ANALYSIS = YES;
				CLANG_WARN_STRICT_PROTOTYPES = YES;
				CLANG_WARN_SUSPICIOUS_MOVE = YES;
				CLANG_WARN_UNREACHABLE_CODE = YES;
				CLANG_WARN__DUPLICATE_METHOD_MATCH = YES;
				"CODE_SIGN_IDENTITY[sdk=iphoneos*]" = "iPhone Developer";
				COPY_PHASE_STRIP = NO;
				ENABLE_STRICT_OBJC_MSGSEND = YES;
				ENABLE_TESTABILITY = YES;
				"EXCLUDED_ARCHS[sdk=iphonesimulator*]" = "";
				GCC_C_LANGUAGE_STANDARD = gnu99;
				GCC_DYNAMIC_NO_PIC = NO;
				GCC_NO_COMMON_BLOCKS = YES;
				GCC_OPTIMIZATION_LEVEL = 0;
				GCC_PREPROCESSOR_DEFINITIONS = (
					"DEBUG=1",
					"$(inherited)",
				);
				GCC_SYMBOLS_PRIVATE_EXTERN = NO;
				GCC_WARN_64_TO_32_BIT_CONVERSION = YES;
				GCC_WARN_ABOUT_RETURN_TYPE = YES_ERROR;
				GCC_WARN_UNDECLARED_SELECTOR = YES;
				GCC_WARN_UNINITIALIZED_AUTOS = YES_AGGRESSIVE;
				GCC_WARN_UNUSED_FUNCTION = YES;
				GCC_WARN_UNUSED_VARIABLE = YES;
				IPHONEOS_DEPLOYMENT_TARGET = 15.1;
				LD_RUNPATH_SEARCH_PATHS = (
					/usr/lib/swift,
					"$(inherited)",
				);
				LIBRARY_SEARCH_PATHS = (
					"\"$(SDKROOT)/usr/lib/swift\"",
					"\"$(TOOLCHAIN_DIR)/usr/lib/swift/$(PLATFORM_NAME)\"",
					"\"$(inherited)\"",
				);
				MTL_ENABLE_DEBUG_INFO = YES;
				ONLY_ACTIVE_ARCH = YES;
				OTHER_CPLUSPLUSFLAGS = (
					"$(OTHER_CFLAGS)",
					"-DFOLLY_NO_CONFIG",
					"-DFOLLY_MOBILE=1",
					"-DFOLLY_USE_LIBCPP=1",
					"-DFOLLY_CFG_NO_COROUTINES=1",
					"-DFOLLY_HAVE_CLOCK_GETTIME=1",
				);
				SDKROOT = iphoneos;
			};
			name = Debug;
		};
		83CBBA211A601CBA00E9B192 /* Release */ = {
			isa = XCBuildConfiguration;
			buildSettings = {
				ALWAYS_SEARCH_USER_PATHS = NO;
				CLANG_ANALYZER_LOCALIZABILITY_NONLOCALIZED = YES;
				CLANG_CXX_LANGUAGE_STANDARD = "c++20";
				CLANG_CXX_LIBRARY = "libc++";
				CLANG_ENABLE_MODULES = YES;
				CLANG_ENABLE_OBJC_ARC = YES;
				CLANG_WARN_BLOCK_CAPTURE_AUTORELEASING = YES;
				CLANG_WARN_BOOL_CONVERSION = YES;
				CLANG_WARN_COMMA = YES;
				CLANG_WARN_CONSTANT_CONVERSION = YES;
				CLANG_WARN_DEPRECATED_OBJC_IMPLEMENTATIONS = YES;
				CLANG_WARN_DIRECT_OBJC_ISA_USAGE = YES_ERROR;
				CLANG_WARN_EMPTY_BODY = YES;
				CLANG_WARN_ENUM_CONVERSION = YES;
				CLANG_WARN_INFINITE_RECURSION = YES;
				CLANG_WARN_INT_CONVERSION = YES;
				CLANG_WARN_NON_LITERAL_NULL_CONVERSION = YES;
				CLANG_WARN_OBJC_IMPLICIT_RETAIN_SELF = YES;
				CLANG_WARN_OBJC_LITERAL_CONVERSION = YES;
				CLANG_WARN_OBJC_ROOT_CLASS = YES_ERROR;
				CLANG_WARN_QUOTED_INCLUDE_IN_FRAMEWORK_HEADER = YES;
				CLANG_WARN_RANGE_LOOP_ANALYSIS = YES;
				CLANG_WARN_STRICT_PROTOTYPES = YES;
				CLANG_WARN_SUSPICIOUS_MOVE = YES;
				CLANG_WARN_UNREACHABLE_CODE = YES;
				CLANG_WARN__DUPLICATE_METHOD_MATCH = YES;
				"CODE_SIGN_IDENTITY[sdk=iphoneos*]" = "iPhone Developer";
				COPY_PHASE_STRIP = YES;
				ENABLE_NS_ASSERTIONS = NO;
				ENABLE_STRICT_OBJC_MSGSEND = YES;
				"EXCLUDED_ARCHS[sdk=iphonesimulator*]" = "";
				GCC_C_LANGUAGE_STANDARD = gnu99;
				GCC_NO_COMMON_BLOCKS = YES;
				GCC_WARN_64_TO_32_BIT_CONVERSION = YES;
				GCC_WARN_ABOUT_RETURN_TYPE = YES_ERROR;
				GCC_WARN_UNDECLARED_SELECTOR = YES;
				GCC_WARN_UNINITIALIZED_AUTOS = YES_AGGRESSIVE;
				GCC_WARN_UNUSED_FUNCTION = YES;
				GCC_WARN_UNUSED_VARIABLE = YES;
				IPHONEOS_DEPLOYMENT_TARGET = 15.1;
				LD_RUNPATH_SEARCH_PATHS = (
					/usr/lib/swift,
					"$(inherited)",
				);
				LIBRARY_SEARCH_PATHS = (
					"\"$(SDKROOT)/usr/lib/swift\"",
					"\"$(TOOLCHAIN_DIR)/usr/lib/swift/$(PLATFORM_NAME)\"",
					"\"$(inherited)\"",
				);
				MTL_ENABLE_DEBUG_INFO = NO;
				OTHER_CPLUSPLUSFLAGS = (
					"$(OTHER_CFLAGS)",
					"-DFOLLY_NO_CONFIG",
					"-DFOLLY_MOBILE=1",
					"-DFOLLY_USE_LIBCPP=1",
					"-DFOLLY_CFG_NO_COROUTINES=1",
					"-DFOLLY_HAVE_CLOCK_GETTIME=1",
				);
				SDKROOT = iphoneos;
				VALIDATE_PRODUCT = YES;
			};
			name = Release;
		};
/* End XCBuildConfiguration section */

/* Begin XCConfigurationList section */
		13B07F931A680F5B00A75B9A /* Build configuration list for PBXNativeTarget "Socialmedia" */ = {
			isa = XCConfigurationList;
			buildConfigurations = (
				13B07F941A680F5B00A75B9A /* Debug */,
				13B07F951A680F5B00A75B9A /* Release */,
			);
			defaultConfigurationIsVisible = 0;
			defaultConfigurationName = Release;
		};
		83CBB9FA1A601CBA00E9B192 /* Build configuration list for PBXProject "Socialmedia" */ = {
			isa = XCConfigurationList;
			buildConfigurations = (
				83CBBA201A601CBA00E9B192 /* Debug */,
				83CBBA211A601CBA00E9B192 /* Release */,
			);
			defaultConfigurationIsVisible = 0;
			defaultConfigurationName = Release;
		};
/* End XCConfigurationList section */
	};
	rootObject = 83CBB9F71A601CBA00E9B192 /* Project object */;
}
